
Microsoft Visual Studio Solution File, Format Version 12.00
# Visual Studio 15
VisualStudioVersion = 15.0.28010.2046
MinimumVisualStudioVersion = 10.0.40219.1
Project("{FAE04EC0-301F-11D3-BF4B-00C04F79EFBC}") = "CodeTeamWS", "CodeTeamWS\CodeTeamWS.csproj", "{3756026A-9689-45F1-AB65-6B15BB061C43}"
EndProject
Global
	GlobalSection(SolutionConfigurationPlatforms) = preSolution
		Debug|Any CPU = Debug|Any CPU
		Release|Any CPU = Release|Any CPU
	EndGlobalSection
	GlobalSection(ProjectConfigurationPlatforms) = postSolution
		{3756026A-9689-45F1-AB65-6B15BB061C43}.Debug|Any CPU.ActiveCfg = Debug|Any CPU
		{3756026A-9689-45F1-AB65-6B15BB061C43}.Debug|Any CPU.Build.0 = Debug|Any CPU
		{3756026A-9689-45F1-AB65-6B15BB061C43}.Release|Any CPU.ActiveCfg = Release|Any CPU
		{3756026A-9689-45F1-AB65-6B15BB061C43}.Release|Any CPU.Build.0 = Release|Any CPU
	EndGlobalSection
	GlobalSection(SolutionProperties) = preSolution
		HideSolutionNode = FALSE
	EndGlobalSection
	GlobalSection(ExtensibilityGlobals) = postSolution
		SolutionGuid = {178A72C1-59D5-44FE-9B90-02F2395BCE88}
	EndGlobalSection
EndGlobal
